
Microsoft Visual Studio Solution File, Format Version 12.00
# Visual Studio Version 16
VisualStudioVersion = 16.0.31112.23
MinimumVisualStudioVersion = 10.0.40219.1
Project("{FAE04EC0-301F-11D3-BF4B-00C04F79EFBC}") = "Proyecto_Prueba_Github", "Proyecto_Prueba_Github.csproj", "{DB82D061-8FDE-49C5-A4BE-60F567E3EBC9}"
EndProject
Global
	GlobalSection(SolutionConfigurationPlatforms) = preSolution
		Debug|Any CPU = Debug|Any CPU
		Release|Any CPU = Release|Any CPU
	EndGlobalSection
	GlobalSection(ProjectConfigurationPlatforms) = postSolution
		{DB82D061-8FDE-49C5-A4BE-60F567E3EBC9}.Debug|Any CPU.ActiveCfg = Debug|Any CPU
		{DB82D061-8FDE-49C5-A4BE-60F567E3EBC9}.Debug|Any CPU.Build.0 = Debug|Any CPU
		{DB82D061-8FDE-49C5-A4BE-60F567E3EBC9}.Release|Any CPU.ActiveCfg = Release|Any CPU
		{DB82D061-8FDE-49C5-A4BE-60F567E3EBC9}.Release|Any CPU.Build.0 = Release|Any CPU
	EndGlobalSection
	GlobalSection(SolutionProperties) = preSolution
		HideSolutionNode = FALSE
	EndGlobalSection
	GlobalSection(ExtensibilityGlobals) = postSolution
		SolutionGuid = {7C52B117-6CB8-464C-9BAC-86203CAAFD53}
	EndGlobalSection
EndGlobal
